
Microsoft Visual Studio Solution File, Format Version 12.00
# Visual Studio Version 17
VisualStudioVersion = 17.14.36414.22 d17.14
MinimumVisualStudioVersion = 10.0.40219.1
Project("{FAE04EC0-301F-11D3-BF4B-00C04F79EFBC}") = "WebApp_EfCore1", "WebApp_EfCore1\WebApp_EfCore1.csproj", "{97FE031C-53D3-4AD5-9E93-240221D85270}"
EndProject
Global
	GlobalSection(SolutionConfigurationPlatforms) = preSolution
		Debug|Any CPU = Debug|Any CPU
		Release|Any CPU = Release|Any CPU
	EndGlobalSection
	GlobalSection(ProjectConfigurationPlatforms) = postSolution
		{97FE031C-53D3-4AD5-9E93-240221D85270}.Debug|Any CPU.ActiveCfg = Debug|Any CPU
		{97FE031C-53D3-4AD5-9E93-240221D85270}.Debug|Any CPU.Build.0 = Debug|Any CPU
		{97FE031C-53D3-4AD5-9E93-240221D85270}.Release|Any CPU.ActiveCfg = Release|Any CPU
		{97FE031C-53D3-4AD5-9E93-240221D85270}.Release|Any CPU.Build.0 = Release|Any CPU
	EndGlobalSection
	GlobalSection(SolutionProperties) = preSolution
		HideSolutionNode = FALSE
	EndGlobalSection
	GlobalSection(ExtensibilityGlobals) = postSolution
		SolutionGuid = {CD7E12E2-EDDA-41F0-8E2D-FB29656B3325}
	EndGlobalSection
EndGlobal
